
Microsoft Visual Studio Solution File, Format Version 12.00
# Visual Studio Version 17
VisualStudioVersion = 17.11.35327.3
MinimumVisualStudioVersion = 10.0.40219.1
Project("{FAE04EC0-301F-11D3-BF4B-00C04F79EFBC}") = "dostavka", "dostavka\dostavka.csproj", "{5107B404-126E-4F67-8E03-42D0161075A3}"
EndProject
Global
	GlobalSection(SolutionConfigurationPlatforms) = preSolution
		Debug|Any CPU = Debug|Any CPU
		Release|Any CPU = Release|Any CPU
	EndGlobalSection
	GlobalSection(ProjectConfigurationPlatforms) = postSolution
		{5107B404-126E-4F67-8E03-42D0161075A3}.Debug|Any CPU.ActiveCfg = Debug|Any CPU
		{5107B404-126E-4F67-8E03-42D0161075A3}.Debug|Any CPU.Build.0 = Debug|Any CPU
		{5107B404-126E-4F67-8E03-42D0161075A3}.Release|Any CPU.ActiveCfg = Release|Any CPU
		{5107B404-126E-4F67-8E03-42D0161075A3}.Release|Any CPU.Build.0 = Release|Any CPU
	EndGlobalSection
	GlobalSection(SolutionProperties) = preSolution
		HideSolutionNode = FALSE
	EndGlobalSection
	GlobalSection(ExtensibilityGlobals) = postSolution
		SolutionGuid = {C2467456-3B3E-434E-AC18-A00102A5D562}
	EndGlobalSection
EndGlobal
